// !$*UTF8*$!
{
	archiveVersion = 1;
	classes = {
	};
	objectVersion = 46;
	objects = {

/* Begin PBXBuildFile section */
		621FAB0A174B23EC00977C17 /* 意见反馈.png in Resources */ = {isa = PBXBuildFile; fileRef = 621FAB08174B23EC00977C17 /* 意见反馈.png */; };
		621FAB0B174B23EC00977C17 /* 意见反馈@2x.png in Resources */ = {isa = PBXBuildFile; fileRef = 621FAB09174B23EC00977C17 /* 意见反馈@2x.png */; };
		621FAB0D174B327200977C17 /* MessageUI.framework in Frameworks */ = {isa = PBXBuildFile; fileRef = 621FAB0C174B327200977C17 /* MessageUI.framework */; };
		621FAB10174B586700977C17 /* weibo.png in Resources */ = {isa = PBXBuildFile; fileRef = 621FAB0F174B586700977C17 /* weibo.png */; };
		621FAB3D174B5A5A00977C17 /* DouBanConnection.framework in Frameworks */ = {isa = PBXBuildFile; fileRef = 621FAB13174B5A5A00977C17 /* DouBanConnection.framework */; };
		621FAB3E174B5A5A00977C17 /* FacebookConnection.framework in Frameworks */ = {isa = PBXBuildFile; fileRef = 621FAB14174B5A5A00977C17 /* FacebookConnection.framework */; };
		621FAB3F174B5A5A00977C17 /* InstapaperConnection.framework in Frameworks */ = {isa = PBXBuildFile; fileRef = 621FAB15174B5A5A00977C17 /* InstapaperConnection.framework */; };
		621FAB40174B5A5A00977C17 /* InstapaperResource.bundle in Resources */ = {isa = PBXBuildFile; fileRef = 621FAB16174B5A5A00977C17 /* InstapaperResource.bundle */; };
		621FAB41174B5A5A00977C17 /* KaiXinConnection.framework in Frameworks */ = {isa = PBXBuildFile; fileRef = 621FAB17174B5A5A00977C17 /* KaiXinConnection.framework */; };
		621FAB42174B5A5A00977C17 /* MailConnection.framework in Frameworks */ = {isa = PBXBuildFile; fileRef = 621FAB18174B5A5A00977C17 /* MailConnection.framework */; };
		621FAB43174B5A5A00977C17 /* PrintConnection.framework in Frameworks */ = {isa = PBXBuildFile; fileRef = 621FAB19174B5A5A00977C17 /* PrintConnection.framework */; };
		621FAB44174B5A5A00977C17 /* QQConnection.framework in Frameworks */ = {isa = PBXBuildFile; fileRef = 621FAB1A174B5A5A00977C17 /* QQConnection.framework */; };
		621FAB45174B5A5A00977C17 /* QZoneConnection.framework in Frameworks */ = {isa = PBXBuildFile; fileRef = 621FAB1B174B5A5A00977C17 /* QZoneConnection.framework */; };
		621FAB46174B5A5A00977C17 /* RenRenConnection.framework in Frameworks */ = {isa = PBXBuildFile; fileRef = 621FAB1C174B5A5A00977C17 /* RenRenConnection.framework */; };
		621FAB47174B5A5A00977C17 /* SinaWeiboConnection.framework in Frameworks */ = {isa = PBXBuildFile; fileRef = 621FAB1D174B5A5A00977C17 /* SinaWeiboConnection.framework */; };
		621FAB48174B5A5A00977C17 /* SMSConnection.framework in Frameworks */ = {isa = PBXBuildFile; fileRef = 621FAB1E174B5A5A00977C17 /* SMSConnection.framework */; };
		621FAB49174B5A5A00977C17 /* SohuConnection.framework in Frameworks */ = {isa = PBXBuildFile; fileRef = 621FAB1F174B5A5A00977C17 /* SohuConnection.framework */; };
		621FAB4A174B5A5A00977C17 /* SohuWeiboConnection.framework in Frameworks */ = {isa = PBXBuildFile; fileRef = 621FAB20174B5A5A00977C17 /* SohuWeiboConnection.framework */; };
		621FAB4B174B5A5A00977C17 /* T163WeiboConnection.framework in Frameworks */ = {isa = PBXBuildFile; fileRef = 621FAB21174B5A5A00977C17 /* T163WeiboConnection.framework */; };
		621FAB4C174B5A5A00977C17 /* TencentWeiboConnection.framework in Frameworks */ = {isa = PBXBuildFile; fileRef = 621FAB22174B5A5A00977C17 /* TencentWeiboConnection.framework */; };
		621FAB4D174B5A5A00977C17 /* TwitterConnection.framework in Frameworks */ = {isa = PBXBuildFile; fileRef = 621FAB23174B5A5A00977C17 /* TwitterConnection.framework */; };
		621FAB4E174B5A5A00977C17 /* WeChatConnection.framework in Frameworks */ = {isa = PBXBuildFile; fileRef = 621FAB24174B5A5A00977C17 /* WeChatConnection.framework */; };
		621FAB4F174B5A5A00977C17 /* YouDaoNoteConnection.framework in Frameworks */ = {isa = PBXBuildFile; fileRef = 621FAB25174B5A5A00977C17 /* YouDaoNoteConnection.framework */; };
		621FAB50174B5A5A00977C17 /* AGCommon.framework in Frameworks */ = {isa = PBXBuildFile; fileRef = 621FAB27174B5A5A00977C17 /* AGCommon.framework */; };
		621FAB51174B5A5A00977C17 /* ShareSDKLocalizable.strings in Resources */ = {isa = PBXBuildFile; fileRef = 621FAB28174B5A5A00977C17 /* ShareSDKLocalizable.strings */; };
		621FAB52174B5A5A00977C17 /* Resource.bundle in Resources */ = {isa = PBXBuildFile; fileRef = 621FAB2A174B5A5A00977C17 /* Resource.bundle */; };
		621FAB53174B5A5A00977C17 /* ShareSDKCoreService.framework in Frameworks */ = {isa = PBXBuildFile; fileRef = 621FAB2B174B5A5A00977C17 /* ShareSDKCoreService.framework */; };
		621FAB54174B5A5A00977C17 /* QQApi.framework in Frameworks */ = {isa = PBXBuildFile; fileRef = 621FAB2D174B5A5A00977C17 /* QQApi.framework */; };
		621FAB55174B5A5A00977C17 /* libWeChatSDK_armv7_armv7s.a in Frameworks */ = {isa = PBXBuildFile; fileRef = 621FAB2F174B5A5A00977C17 /* libWeChatSDK_armv7_armv7s.a */; };
		621FAB56174B5A5A00977C17 /* ShareSDK.framework in Frameworks */ = {isa = PBXBuildFile; fileRef = 621FAB32174B5A5A00977C17 /* ShareSDK.framework */; };
		621FAB57174B5A5A00977C17 /* ShareSDKiPadDefaultShareViewUI.bundle in Resources */ = {isa = PBXBuildFile; fileRef = 621FAB34174B5A5A00977C17 /* ShareSDKiPadDefaultShareViewUI.bundle */; };
		621FAB58174B5A5A00977C17 /* ShareSDKiPadDefaultShareViewUI.framework in Frameworks */ = {isa = PBXBuildFile; fileRef = 621FAB35174B5A5A00977C17 /* ShareSDKiPadDefaultShareViewUI.framework */; };
		621FAB59174B5A5A00977C17 /* ShareSDKiPadSimpleShareViewUI.bundle in Resources */ = {isa = PBXBuildFile; fileRef = 621FAB36174B5A5A00977C17 /* ShareSDKiPadSimpleShareViewUI.bundle */; };
		621FAB5A174B5A5A00977C17 /* ShareSDKiPadSimpleShareViewUI.framework in Frameworks */ = {isa = PBXBuildFile; fileRef = 621FAB37174B5A5A00977C17 /* ShareSDKiPadSimpleShareViewUI.framework */; };
		621FAB5B174B5A5A00977C17 /* ShareSDKiPhoneAppRecommendShareViewUI.framework in Frameworks */ = {isa = PBXBuildFile; fileRef = 621FAB38174B5A5A00977C17 /* ShareSDKiPhoneAppRecommendShareViewUI.framework */; };
		621FAB5C174B5A5A00977C17 /* ShareSDKiPhoneDefaultShareViewUI.bundle in Resources */ = {isa = PBXBuildFile; fileRef = 621FAB39174B5A5A00977C17 /* ShareSDKiPhoneDefaultShareViewUI.bundle */; };
		621FAB5D174B5A5A00977C17 /* ShareSDKiPhoneDefaultShareViewUI.framework in Frameworks */ = {isa = PBXBuildFile; fileRef = 621FAB3A174B5A5A00977C17 /* ShareSDKiPhoneDefaultShareViewUI.framework */; };
		621FAB5E174B5A5A00977C17 /* ShareSDKiPhoneSimpleShareViewUI.bundle in Resources */ = {isa = PBXBuildFile; fileRef = 621FAB3B174B5A5A00977C17 /* ShareSDKiPhoneSimpleShareViewUI.bundle */; };
		621FAB5F174B5A5A00977C17 /* ShareSDKiPhoneSimpleShareViewUI.framework in Frameworks */ = {isa = PBXBuildFile; fileRef = 621FAB3C174B5A5A00977C17 /* ShareSDKiPhoneSimpleShareViewUI.framework */; };
		621FAB61174B603300977C17 /* SystemConfiguration.framework in Frameworks */ = {isa = PBXBuildFile; fileRef = 621FAB60174B603300977C17 /* SystemConfiguration.framework */; };
		621FAB63174B608100977C17 /* libicucore.dylib in Frameworks */ = {isa = PBXBuildFile; fileRef = 621FAB62174B608100977C17 /* libicucore.dylib */; };
		621FAB65174B733600977C17 /* libz.1.2.5.dylib in Frameworks */ = {isa = PBXBuildFile; fileRef = 621FAB64174B733500977C17 /* libz.1.2.5.dylib */; };
		621FC7B41727E6B20054C9C2 /* iPhone_Glossy_Icon_icon.png in Resources */ = {isa = PBXBuildFile; fileRef = 621FC7B11727E6B20054C9C2 /* iPhone_Glossy_Icon_icon.png */; };
		621FC7B51727E6B20054C9C2 /* iPhoneRetina_Glossy_Icon_icon.png in Resources */ = {isa = PBXBuildFile; fileRef = 621FC7B21727E6B20054C9C2 /* iPhoneRetina_Glossy_Icon_icon.png */; };
		621FC7B61727E6B20054C9C2 /* iTunesArtwork_Glossy_Icon_icon.png in Resources */ = {isa = PBXBuildFile; fileRef = 621FC7B31727E6B20054C9C2 /* iTunesArtwork_Glossy_Icon_icon.png */; };
		627872E41728F4280069A5F9 /* elastoplast_@2X.png in Resources */ = {isa = PBXBuildFile; fileRef = 627872E21728F4280069A5F9 /* elastoplast_@2X.png */; };
		627872E51728F4280069A5F9 /* elastoplast.png in Resources */ = {isa = PBXBuildFile; fileRef = 627872E31728F4280069A5F9 /* elastoplast.png */; };
		627872E81728F4460069A5F9 /* grey_wash_wall_@2X.png in Resources */ = {isa = PBXBuildFile; fileRef = 627872E61728F4460069A5F9 /* grey_wash_wall_@2X.png */; };
		627872E91728F4460069A5F9 /* grey_wash_wall.png in Resources */ = {isa = PBXBuildFile; fileRef = 627872E71728F4460069A5F9 /* grey_wash_wall.png */; };
		627872EC172B740F0069A5F9 /* 编辑.png in Resources */ = {isa = PBXBuildFile; fileRef = 627872EB172B740F0069A5F9 /* 编辑.png */; };
		627872EE172B74680069A5F9 /* button.png in Resources */ = {isa = PBXBuildFile; fileRef = 627872ED172B74680069A5F9 /* button.png */; };
		627872F2172B74820069A5F9 /* 删除.png in Resources */ = {isa = PBXBuildFile; fileRef = 627872F1172B74820069A5F9 /* 删除.png */; };
		627872F4172B74CA0069A5F9 /* 音频.png in Resources */ = {isa = PBXBuildFile; fileRef = 627872F3172B74CA0069A5F9 /* 音频.png */; };
		627872F9172B74F20069A5F9 /* 切换到键盘-s.png in Resources */ = {isa = PBXBuildFile; fileRef = 627872F5172B74F20069A5F9 /* 切换到键盘-s.png */; };
		627872FA172B74F20069A5F9 /* 切换到键盘.png in Resources */ = {isa = PBXBuildFile; fileRef = 627872F6172B74F20069A5F9 /* 切换到键盘.png */; };
		627872FB172B74F20069A5F9 /* 切换到语音-s.png in Resources */ = {isa = PBXBuildFile; fileRef = 627872F7172B74F20069A5F9 /* 切换到语音-s.png */; };
		627872FC172B74F20069A5F9 /* 切换到语音.png in Resources */ = {isa = PBXBuildFile; fileRef = 627872F8172B74F20069A5F9 /* 切换到语音.png */; };
		627872FE172B768E0069A5F9 /* 返回.png in Resources */ = {isa = PBXBuildFile; fileRef = 627872FD172B768E0069A5F9 /* 返回.png */; };
		62787300172B79900069A5F9 /* 进入.png in Resources */ = {isa = PBXBuildFile; fileRef = 627872FF172B79900069A5F9 /* 进入.png */; };
		62787302172B7A140069A5F9 /* 列表.png in Resources */ = {isa = PBXBuildFile; fileRef = 62787301172B7A140069A5F9 /* 列表.png */; };
		62787304172B7D010069A5F9 /* 搜索下拉1.png in Resources */ = {isa = PBXBuildFile; fileRef = 62787303172B7D010069A5F9 /* 搜索下拉1.png */; };
		62787306172B7E860069A5F9 /* 设置头像背景.png in Resources */ = {isa = PBXBuildFile; fileRef = 62787305172B7E850069A5F9 /* 设置头像背景.png */; };
		6278730A172B819C0069A5F9 /* 时钟.png in Resources */ = {isa = PBXBuildFile; fileRef = 62787309172B819B0069A5F9 /* 时钟.png */; };
		6278730C172B84290069A5F9 /* 设置.png in Resources */ = {isa = PBXBuildFile; fileRef = 6278730B172B84290069A5F9 /* 设置.png */; };
		6278730E172B93170069A5F9 /* 设置副本.png in Resources */ = {isa = PBXBuildFile; fileRef = 6278730D172B93160069A5F9 /* 设置副本.png */; };
		62787310172B9A8D0069A5F9 /* 主背景.png in Resources */ = {isa = PBXBuildFile; fileRef = 6278730F172B9A8D0069A5F9 /* 主背景.png */; };
		6278731E172BB2990069A5F9 /* 话筒.png in Resources */ = {isa = PBXBuildFile; fileRef = 6278731D172BB2990069A5F9 /* 话筒.png */; };
		62787320172CDF4B0069A5F9 /* 皮卡丘的短信铃声_铃声之家cnwav.mp3 in Resources */ = {isa = PBXBuildFile; fileRef = 6278731F172CDF4B0069A5F9 /* 皮卡丘的短信铃声_铃声之家cnwav.mp3 */; };
		62833D80171E83CF00566B23 /* UIKit.framework in Frameworks */ = {isa = PBXBuildFile; fileRef = 62833D7F171E83CF00566B23 /* UIKit.framework */; };
		62833D82171E83CF00566B23 /* Foundation.framework in Frameworks */ = {isa = PBXBuildFile; fileRef = 62833D81171E83CF00566B23 /* Foundation.framework */; };
		62833D84171E83CF00566B23 /* CoreGraphics.framework in Frameworks */ = {isa = PBXBuildFile; fileRef = 62833D83171E83CF00566B23 /* CoreGraphics.framework */; };
		62833D8A171E83CF00566B23 /* InfoPlist.strings in Resources */ = {isa = PBXBuildFile; fileRef = 62833D88171E83CF00566B23 /* InfoPlist.strings */; };
		62833D8C171E83CF00566B23 /* main.m in Sources */ = {isa = PBXBuildFile; fileRef = 62833D8B171E83CF00566B23 /* main.m */; };
		62833D90171E83CF00566B23 /* AppDelegate.m in Sources */ = {isa = PBXBuildFile; fileRef = 62833D8F171E83CF00566B23 /* AppDelegate.m */; };
		62833D96171E83CF00566B23 /* Default-568h@2x.png in Resources */ = {isa = PBXBuildFile; fileRef = 62833D95171E83CF00566B23 /* Default-568h@2x.png */; };
		62833D99171E83CF00566B23 /* iVoiceController.m in Sources */ = {isa = PBXBuildFile; fileRef = 62833D98171E83CF00566B23 /* iVoiceController.m */; };
		62833D9C171E83CF00566B23 /* iVoiceController.xib in Resources */ = {isa = PBXBuildFile; fileRef = 62833D9A171E83CF00566B23 /* iVoiceController.xib */; };
		62833DAD171E8D5500566B23 /* FMDatabase.m in Sources */ = {isa = PBXBuildFile; fileRef = 62833DA4171E8D5500566B23 /* FMDatabase.m */; };
		62833DAE171E8D5500566B23 /* FMDatabaseAdditions.m in Sources */ = {isa = PBXBuildFile; fileRef = 62833DA6171E8D5500566B23 /* FMDatabaseAdditions.m */; };
		62833DAF171E8D5500566B23 /* FMDatabasePool.m in Sources */ = {isa = PBXBuildFile; fileRef = 62833DA8171E8D5500566B23 /* FMDatabasePool.m */; };
		62833DB0171E8D5500566B23 /* FMDatabaseQueue.m in Sources */ = {isa = PBXBuildFile; fileRef = 62833DAA171E8D5500566B23 /* FMDatabaseQueue.m */; };
		62833DB1171E8D5500566B23 /* FMResultSet.m in Sources */ = {isa = PBXBuildFile; fileRef = 62833DAC171E8D5500566B23 /* FMResultSet.m */; };
		62833EE9171E8DDF00566B23 /* PathHelper.m in Sources */ = {isa = PBXBuildFile; fileRef = 62833EE8171E8DDF00566B23 /* PathHelper.m */; };
		62833EFE171FDD0F00566B23 /* libsqlite3.dylib in Frameworks */ = {isa = PBXBuildFile; fileRef = 62833EFD171FDD0F00566B23 /* libsqlite3.dylib */; };
		62833F01171FE39B00566B23 /* ASDepthModalViewController.m in Sources */ = {isa = PBXBuildFile; fileRef = 62833F00171FE39B00566B23 /* ASDepthModalViewController.m */; settings = {COMPILER_FLAGS = "-fobjc-arc"; }; };
		62833F04171FE8E800566B23 /* QuartzCore.framework in Frameworks */ = {isa = PBXBuildFile; fileRef = 62833F03171FE8E800566B23 /* QuartzCore.framework */; };
		62B956751728BD6A00FB88BA /* 背景话筒.png in Resources */ = {isa = PBXBuildFile; fileRef = 62B956741728BD6A00FB88BA /* 背景话筒.png */; };
		62B956771728BEE300FB88BA /* Default@2x.png in Resources */ = {isa = PBXBuildFile; fileRef = 62B956761728BEE300FB88BA /* Default@2x.png */; };
		62B956791728BEEE00FB88BA /* Default.png in Resources */ = {isa = PBXBuildFile; fileRef = 62B956781728BEEE00FB88BA /* Default.png */; };
		62B956801728F05C00FB88BA /* acconnt_s.png in Resources */ = {isa = PBXBuildFile; fileRef = 62B9567C1728F05C00FB88BA /* acconnt_s.png */; };
		62B956811728F05C00FB88BA /* acconnt_s@2x.png in Resources */ = {isa = PBXBuildFile; fileRef = 62B9567D1728F05C00FB88BA /* acconnt_s@2x.png */; };
		62B956821728F05C00FB88BA /* acconnt.png in Resources */ = {isa = PBXBuildFile; fileRef = 62B9567E1728F05C00FB88BA /* acconnt.png */; };
		62B956831728F05C00FB88BA /* acconnt@2x.png in Resources */ = {isa = PBXBuildFile; fileRef = 62B9567F1728F05C00FB88BA /* acconnt@2x.png */; };
		62B956851728F0ED00FB88BA /* 侧滑背景.png in Resources */ = {isa = PBXBuildFile; fileRef = 62B956841728F0ED00FB88BA /* 侧滑背景.png */; };
		62BB80BD1724D0AA007B641F /* AVFoundation.framework in Frameworks */ = {isa = PBXBuildFile; fileRef = 62BB80BC1724D0AA007B641F /* AVFoundation.framework */; };
		62BB80D01724D43D007B641F /* GTMBase64.m in Sources */ = {isa = PBXBuildFile; fileRef = 62BB80CF1724D43D007B641F /* GTMBase64.m */; };
		62BB80D8172501EF007B641F /* VoiceListViewController.m in Sources */ = {isa = PBXBuildFile; fileRef = 62BB80D6172501EF007B641F /* VoiceListViewController.m */; };
		62BB80D9172501EF007B641F /* VoiceListViewController.xib in Resources */ = {isa = PBXBuildFile; fileRef = 62BB80D7172501EF007B641F /* VoiceListViewController.xib */; };
		62BB80DD17250BF6007B641F /* VoiceModel.m in Sources */ = {isa = PBXBuildFile; fileRef = 62BB80DC17250BF6007B641F /* VoiceModel.m */; };
		62BB80DF17251749007B641F /* VoiceCell.xib in Resources */ = {isa = PBXBuildFile; fileRef = 62BB80DE17251749007B641F /* VoiceCell.xib */; };
		62DBB5531737490F007ACD26 /* 确定按钮.png in Resources */ = {isa = PBXBuildFile; fileRef = 62DBB5521737490F007ACD26 /* 确定按钮.png */; };
		62E7FB3B1743383300C66545 /* lunch.png in Resources */ = {isa = PBXBuildFile; fileRef = 62E7FB3A1743383300C66545 /* lunch.png */; };
		62E7FB3F1743870000C66545 /* SettingViewController.m in Sources */ = {isa = PBXBuildFile; fileRef = 62E7FB3D174386FF00C66545 /* SettingViewController.m */; };
		62E7FB401743870000C66545 /* SettingViewController.xib in Resources */ = {isa = PBXBuildFile; fileRef = 62E7FB3E174386FF00C66545 /* SettingViewController.xib */; };
		62E7FB44174389A200C66545 /* SMGlowLabel.m in Sources */ = {isa = PBXBuildFile; fileRef = 62E7FB43174389A200C66545 /* SMGlowLabel.m */; };
/* End PBXBuildFile section */

/* Begin PBXFileReference section */
		621FAB08174B23EC00977C17 /* 意见反馈.png */ = {isa = PBXFileReference; lastKnownFileType = image.png; path = "意见反馈.png"; sourceTree = "<group>"; };
		621FAB09174B23EC00977C17 /* 意见反馈@2x.png */ = {isa = PBXFileReference; lastKnownFileType = image.png; path = "意见反馈@2x.png"; sourceTree = "<group>"; };
		621FAB0C174B327200977C17 /* MessageUI.framework */ = {isa = PBXFileReference; lastKnownFileType = wrapper.framework; name = MessageUI.framework; path = System/Library/Frameworks/MessageUI.framework; sourceTree = SDKROOT; };
		621FAB0F174B586700977C17 /* weibo.png */ = {isa = PBXFileReference; lastKnownFileType = image.png; path = weibo.png; sourceTree = "<group>"; };
		621FAB13174B5A5A00977C17 /* DouBanConnection.framework */ = {isa = PBXFileReference; lastKnownFileType = wrapper.framework; path = DouBanConnection.framework; sourceTree = "<group>"; };
		621FAB14174B5A5A00977C17 /* FacebookConnection.framework */ = {isa = PBXFileReference; lastKnownFileType = wrapper.framework; path = FacebookConnection.framework; sourceTree = "<group>"; };
		621FAB15174B5A5A00977C17 /* InstapaperConnection.framework */ = {isa = PBXFileReference; lastKnownFileType = wrapper.framework; path = InstapaperConnection.framework; sourceTree = "<group>"; };
		621FAB16174B5A5A00977C17 /* InstapaperResource.bundle */ = {isa = PBXFileReference; lastKnownFileType = "wrapper.plug-in"; path = InstapaperResource.bundle; sourceTree = "<group>"; };
		621FAB17174B5A5A00977C17 /* KaiXinConnection.framework */ = {isa = PBXFileReference; lastKnownFileType = wrapper.framework; path = KaiXinConnection.framework; sourceTree = "<group>"; };
		621FAB18174B5A5A00977C17 /* MailConnection.framework */ = {isa = PBXFileReference; lastKnownFileType = wrapper.framework; path = MailConnection.framework; sourceTree = "<group>"; };
		621FAB19174B5A5A00977C17 /* PrintConnection.framework */ = {isa = PBXFileReference; lastKnownFileType = wrapper.framework; path = PrintConnection.framework; sourceTree = "<group>"; };
		621FAB1A174B5A5A00977C17 /* QQConnection.framework */ = {isa = PBXFileReference; lastKnownFileType = wrapper.framework; path = QQConnection.framework; sourceTree = "<group>"; };
		621FAB1B174B5A5A00977C17 /* QZoneConnection.framework */ = {isa = PBXFileReference; lastKnownFileType = wrapper.framework; path = QZoneConnection.framework; sourceTree = "<group>"; };
		621FAB1C174B5A5A00977C17 /* RenRenConnection.framework */ = {isa = PBXFileReference; lastKnownFileType = wrapper.framework; path = RenRenConnection.framework; sourceTree = "<group>"; };
		621FAB1D174B5A5A00977C17 /* SinaWeiboConnection.framework */ = {isa = PBXFileReference; lastKnownFileType = wrapper.framework; path = SinaWeiboConnection.framework; sourceTree = "<group>"; };
		621FAB1E174B5A5A00977C17 /* SMSConnection.framework */ = {isa = PBXFileReference; lastKnownFileType = wrapper.framework; path = SMSConnection.framework; sourceTree = "<group>"; };
		621FAB1F174B5A5A00977C17 /* SohuConnection.framework */ = {isa = PBXFileReference; lastKnownFileType = wrapper.framework; path = SohuConnection.framework; sourceTree = "<group>"; };
		621FAB20174B5A5A00977C17 /* SohuWeiboConnection.framework */ = {isa = PBXFileReference; lastKnownFileType = wrapper.framework; path = SohuWeiboConnection.framework; sourceTree = "<group>"; };
		621FAB21174B5A5A00977C17 /* T163WeiboConnection.framework */ = {isa = PBXFileReference; lastKnownFileType = wrapper.framework; path = T163WeiboConnection.framework; sourceTree = "<group>"; };
		621FAB22174B5A5A00977C17 /* TencentWeiboConnection.framework */ = {isa = PBXFileReference; lastKnownFileType = wrapper.framework; path = TencentWeiboConnection.framework; sourceTree = "<group>"; };
		621FAB23174B5A5A00977C17 /* TwitterConnection.framework */ = {isa = PBXFileReference; lastKnownFileType = wrapper.framework; path = TwitterConnection.framework; sourceTree = "<group>"; };
		621FAB24174B5A5A00977C17 /* WeChatConnection.framework */ = {isa = PBXFileReference; lastKnownFileType = wrapper.framework; path = WeChatConnection.framework; sourceTree = "<group>"; };
		621FAB25174B5A5A00977C17 /* YouDaoNoteConnection.framework */ = {isa = PBXFileReference; lastKnownFileType = wrapper.framework; path = YouDaoNoteConnection.framework; sourceTree = "<group>"; };
		621FAB27174B5A5A00977C17 /* AGCommon.framework */ = {isa = PBXFileReference; lastKnownFileType = wrapper.framework; path = AGCommon.framework; sourceTree = "<group>"; };
		621FAB29174B5A5A00977C17 /* en */ = {isa = PBXFileReference; lastKnownFileType = text.plist.strings; name = en; path = en.lproj/ShareSDKLocalizable.strings; sourceTree = "<group>"; };
		621FAB2A174B5A5A00977C17 /* Resource.bundle */ = {isa = PBXFileReference; lastKnownFileType = "wrapper.plug-in"; path = Resource.bundle; sourceTree = "<group>"; };
		621FAB2B174B5A5A00977C17 /* ShareSDKCoreService.framework */ = {isa = PBXFileReference; lastKnownFileType = wrapper.framework; path = ShareSDKCoreService.framework; sourceTree = "<group>"; };
		621FAB2D174B5A5A00977C17 /* QQApi.framework */ = {isa = PBXFileReference; lastKnownFileType = wrapper.framework; path = QQApi.framework; sourceTree = "<group>"; };
		621FAB2F174B5A5A00977C17 /* libWeChatSDK_armv7_armv7s.a */ = {isa = PBXFileReference; lastKnownFileType = archive.ar; path = libWeChatSDK_armv7_armv7s.a; sourceTree = "<group>"; };
		621FAB30174B5A5A00977C17 /* WXApi.h */ = {isa = PBXFileReference; fileEncoding = 4; lastKnownFileType = sourcecode.c.h; path = WXApi.h; sourceTree = "<group>"; };
		621FAB31174B5A5A00977C17 /* WXApiObject.h */ = {isa = PBXFileReference; fileEncoding = 4; lastKnownFileType = sourcecode.c.h; path = WXApiObject.h; sourceTree = "<group>"; };
		621FAB32174B5A5A00977C17 /* ShareSDK.framework */ = {isa = PBXFileReference; lastKnownFileType = wrapper.framework; name = ShareSDK.framework; path = ../ShareSDK.framework; sourceTree = "<group>"; };
		621FAB34174B5A5A00977C17 /* ShareSDKiPadDefaultShareViewUI.bundle */ = {isa = PBXFileReference; lastKnownFileType = "wrapper.plug-in"; path = ShareSDKiPadDefaultShareViewUI.bundle; sourceTree = "<group>"; };
		621FAB35174B5A5A00977C17 /* ShareSDKiPadDefaultShareViewUI.framework */ = {isa = PBXFileReference; lastKnownFileType = wrapper.framework; path = ShareSDKiPadDefaultShareViewUI.framework; sourceTree = "<group>"; };
		621FAB36174B5A5A00977C17 /* ShareSDKiPadSimpleShareViewUI.bundle */ = {isa = PBXFileReference; lastKnownFileType = "wrapper.plug-in"; path = ShareSDKiPadSimpleShareViewUI.bundle; sourceTree = "<group>"; };
		621FAB37174B5A5A00977C17 /* ShareSDKiPadSimpleShareViewUI.framework */ = {isa = PBXFileReference; lastKnownFileType = wrapper.framework; path = ShareSDKiPadSimpleShareViewUI.framework; sourceTree = "<group>"; };
		621FAB38174B5A5A00977C17 /* ShareSDKiPhoneAppRecommendShareViewUI.framework */ = {isa = PBXFileReference; lastKnownFileType = wrapper.framework; path = ShareSDKiPhoneAppRecommendShareViewUI.framework; sourceTree = "<group>"; };
		621FAB39174B5A5A00977C17 /* ShareSDKiPhoneDefaultShareViewUI.bundle */ = {isa = PBXFileReference; lastKnownFileType = "wrapper.plug-in"; path = ShareSDKiPhoneDefaultShareViewUI.bundle; sourceTree = "<group>"; };
		621FAB3A174B5A5A00977C17 /* ShareSDKiPhoneDefaultShareViewUI.framework */ = {isa = PBXFileReference; lastKnownFileType = wrapper.framework; path = ShareSDKiPhoneDefaultShareViewUI.framework; sourceTree = "<group>"; };
		621FAB3B174B5A5A00977C17 /* ShareSDKiPhoneSimpleShareViewUI.bundle */ = {isa = PBXFileReference; lastKnownFileType = "wrapper.plug-in"; path = ShareSDKiPhoneSimpleShareViewUI.bundle; sourceTree = "<group>"; };
		621FAB3C174B5A5A00977C17 /* ShareSDKiPhoneSimpleShareViewUI.framework */ = {isa = PBXFileReference; lastKnownFileType = wrapper.framework; path = ShareSDKiPhoneSimpleShareViewUI.framework; sourceTree = "<group>"; };
		621FAB60174B603300977C17 /* SystemConfiguration.framework */ = {isa = PBXFileReference; lastKnownFileType = wrapper.framework; name = SystemConfiguration.framework; path = System/Library/Frameworks/SystemConfiguration.framework; sourceTree = SDKROOT; };
		621FAB62174B608100977C17 /* libicucore.dylib */ = {isa = PBXFileReference; lastKnownFileType = "compiled.mach-o.dylib"; name = libicucore.dylib; path = usr/lib/libicucore.dylib; sourceTree = SDKROOT; };
		621FAB64174B733500977C17 /* libz.1.2.5.dylib */ = {isa = PBXFileReference; lastKnownFileType = "compiled.mach-o.dylib"; name = libz.1.2.5.dylib; path = usr/lib/libz.1.2.5.dylib; sourceTree = SDKROOT; };
		621FC7B017279A440054C9C2 /* PublicDef.h */ = {isa = PBXFileReference; fileEncoding = 4; lastKnownFileType = sourcecode.c.h; path = PublicDef.h; sourceTree = "<group>"; };
		621FC7B11727E6B20054C9C2 /* iPhone_Glossy_Icon_icon.png */ = {isa = PBXFileReference; lastKnownFileType = image.png; path = iPhone_Glossy_Icon_icon.png; sourceTree = "<group>"; };
		621FC7B21727E6B20054C9C2 /* iPhoneRetina_Glossy_Icon_icon.png */ = {isa = PBXFileReference; lastKnownFileType = image.png; path = iPhoneRetina_Glossy_Icon_icon.png; sourceTree = "<group>"; };
		621FC7B31727E6B20054C9C2 /* iTunesArtwork_Glossy_Icon_icon.png */ = {isa = PBXFileReference; lastKnownFileType = image.png; path = iTunesArtwork_Glossy_Icon_icon.png; sourceTree = "<group>"; };
		627872E21728F4280069A5F9 /* elastoplast_@2X.png */ = {isa = PBXFileReference; lastKnownFileType = image.png; path = "elastoplast_@2X.png"; sourceTree = "<group>"; };
		627872E31728F4280069A5F9 /* elastoplast.png */ = {isa = PBXFileReference; lastKnownFileType = image.png; path = elastoplast.png; sourceTree = "<group>"; };
		627872E61728F4460069A5F9 /* grey_wash_wall_@2X.png */ = {isa = PBXFileReference; lastKnownFileType = image.png; path = "grey_wash_wall_@2X.png"; sourceTree = "<group>"; };
		627872E71728F4460069A5F9 /* grey_wash_wall.png */ = {isa = PBXFileReference; lastKnownFileType = image.png; path = grey_wash_wall.png; sourceTree = "<group>"; };
		627872EB172B740F0069A5F9 /* 编辑.png */ = {isa = PBXFileReference; lastKnownFileType = image.png; path = "编辑.png"; sourceTree = "<group>"; };
		627872ED172B74680069A5F9 /* button.png */ = {isa = PBXFileReference; lastKnownFileType = image.png; path = button.png; sourceTree = "<group>"; };
		627872F1172B74820069A5F9 /* 删除.png */ = {isa = PBXFileReference; lastKnownFileType = image.png; path = "删除.png"; sourceTree = "<group>"; };
		627872F3172B74CA0069A5F9 /* 音频.png */ = {isa = PBXFileReference; lastKnownFileType = image.png; path = "音频.png"; sourceTree = "<group>"; };
		627872F5172B74F20069A5F9 /* 切换到键盘-s.png */ = {isa = PBXFileReference; lastKnownFileType = image.png; path = "切换到键盘-s.png"; sourceTree = "<group>"; };
		627872F6172B74F20069A5F9 /* 切换到键盘.png */ = {isa = PBXFileReference; lastKnownFileType = image.png; path = "切换到键盘.png"; sourceTree = "<group>"; };
		627872F7172B74F20069A5F9 /* 切换到语音-s.png */ = {isa = PBXFileReference; lastKnownFileType = image.png; path = "切换到语音-s.png"; sourceTree = "<group>"; };
		627872F8172B74F20069A5F9 /* 切换到语音.png */ = {isa = PBXFileReference; lastKnownFileType = image.png; path = "切换到语音.png"; sourceTree = "<group>"; };
		627872FD172B768E0069A5F9 /* 返回.png */ = {isa = PBXFileReference; lastKnownFileType = image.png; path = "返回.png"; sourceTree = "<group>"; };
		627872FF172B79900069A5F9 /* 进入.png */ = {isa = PBXFileReference; lastKnownFileType = image.png; path = "进入.png"; sourceTree = "<group>"; };
		62787301172B7A140069A5F9 /* 列表.png */ = {isa = PBXFileReference; lastKnownFileType = image.png; path = "列表.png"; sourceTree = "<group>"; };
		62787303172B7D010069A5F9 /* 搜索下拉1.png */ = {isa = PBXFileReference; lastKnownFileType = image.png; path = "搜索下拉1.png"; sourceTree = "<group>"; };
		62787305172B7E850069A5F9 /* 设置头像背景.png */ = {isa = PBXFileReference; lastKnownFileType = image.png; path = "设置头像背景.png"; sourceTree = "<group>"; };
		62787309172B819B0069A5F9 /* 时钟.png */ = {isa = PBXFileReference; lastKnownFileType = image.png; path = "时钟.png"; sourceTree = "<group>"; };
		6278730B172B84290069A5F9 /* 设置.png */ = {isa = PBXFileReference; lastKnownFileType = image.png; name = "设置.png"; path = "fmdb/设置.png"; sourceTree = "<group>"; };
		6278730D172B93160069A5F9 /* 设置副本.png */ = {isa = PBXFileReference; lastKnownFileType = image.png; path = "设置副本.png"; sourceTree = "<group>"; };
		6278730F172B9A8D0069A5F9 /* 主背景.png */ = {isa = PBXFileReference; lastKnownFileType = image.png; path = "主背景.png"; sourceTree = "<group>"; };
		6278731D172BB2990069A5F9 /* 话筒.png */ = {isa = PBXFileReference; lastKnownFileType = image.png; path = "话筒.png"; sourceTree = "<group>"; };
		6278731F172CDF4B0069A5F9 /* 皮卡丘的短信铃声_铃声之家cnwav.mp3 */ = {isa = PBXFileReference; lastKnownFileType = audio.mp3; path = "皮卡丘的短信铃声_铃声之家cnwav.mp3"; sourceTree = "<group>"; };
		62833D7C171E83CF00566B23 /* iVoiceReminder.app */ = {isa = PBXFileReference; explicitFileType = wrapper.application; includeInIndex = 0; path = iVoiceReminder.app; sourceTree = BUILT_PRODUCTS_DIR; };
		62833D7F171E83CF00566B23 /* UIKit.framework */ = {isa = PBXFileReference; lastKnownFileType = wrapper.framework; name = UIKit.framework; path = System/Library/Frameworks/UIKit.framework; sourceTree = SDKROOT; };
		62833D81171E83CF00566B23 /* Foundation.framework */ = {isa = PBXFileReference; lastKnownFileType = wrapper.framework; name = Foundation.framework; path = System/Library/Frameworks/Foundation.framework; sourceTree = SDKROOT; };
		62833D83171E83CF00566B23 /* CoreGraphics.framework */ = {isa = PBXFileReference; lastKnownFileType = wrapper.framework; name = CoreGraphics.framework; path = System/Library/Frameworks/CoreGraphics.framework; sourceTree = SDKROOT; };
		62833D87171E83CF00566B23 /* iVoiceReminder-Info.plist */ = {isa = PBXFileReference; lastKnownFileType = text.plist.xml; path = "iVoiceReminder-Info.plist"; sourceTree = "<group>"; };
		62833D89171E83CF00566B23 /* en */ = {isa = PBXFileReference; lastKnownFileType = text.plist.strings; name = en; path = en.lproj/InfoPlist.strings; sourceTree = "<group>"; };
		62833D8B171E83CF00566B23 /* main.m */ = {isa = PBXFileReference; lastKnownFileType = sourcecode.c.objc; path = main.m; sourceTree = "<group>"; };
		62833D8D171E83CF00566B23 /* iVoiceReminder-Prefix.pch */ = {isa = PBXFileReference; lastKnownFileType = sourcecode.c.h; path = "iVoiceReminder-Prefix.pch"; sourceTree = "<group>"; };
		62833D8E171E83CF00566B23 /* AppDelegate.h */ = {isa = PBXFileReference; lastKnownFileType = sourcecode.c.h; path = AppDelegate.h; sourceTree = "<group>"; };
		62833D8F171E83CF00566B23 /* AppDelegate.m */ = {isa = PBXFileReference; lastKnownFileType = sourcecode.c.objc; path = AppDelegate.m; sourceTree = "<group>"; };
		62833D95171E83CF00566B23 /* Default-568h@2x.png */ = {isa = PBXFileReference; lastKnownFileType = image.png; path = "Default-568h@2x.png"; sourceTree = "<group>"; };
		62833D97171E83CF00566B23 /* iVoiceController.h */ = {isa = PBXFileReference; lastKnownFileType = sourcecode.c.h; path = iVoiceController.h; sourceTree = "<group>"; };
		62833D98171E83CF00566B23 /* iVoiceController.m */ = {isa = PBXFileReference; lastKnownFileType = sourcecode.c.objc; path = iVoiceController.m; sourceTree = "<group>"; };
		62833D9B171E83CF00566B23 /* en */ = {isa = PBXFileReference; lastKnownFileType = file.xib; name = en; path = en.lproj/iVoiceController.xib; sourceTree = "<group>"; };
		62833DA3171E8D5500566B23 /* FMDatabase.h */ = {isa = PBXFileReference; fileEncoding = 4; lastKnownFileType = sourcecode.c.h; path = FMDatabase.h; sourceTree = "<group>"; };
		62833DA4171E8D5500566B23 /* FMDatabase.m */ = {isa = PBXFileReference; fileEncoding = 4; lastKnownFileType = sourcecode.c.objc; path = FMDatabase.m; sourceTree = "<group>"; };
		62833DA5171E8D5500566B23 /* FMDatabaseAdditions.h */ = {isa = PBXFileReference; fileEncoding = 4; lastKnownFileType = sourcecode.c.h; path = FMDatabaseAdditions.h; sourceTree = "<group>"; };
		62833DA6171E8D5500566B23 /* FMDatabaseAdditions.m */ = {isa = PBXFileReference; fileEncoding = 4; lastKnownFileType = sourcecode.c.objc; path = FMDatabaseAdditions.m; sourceTree = "<group>"; };
		62833DA7171E8D5500566B23 /* FMDatabasePool.h */ = {isa = PBXFileReference; fileEncoding = 4; lastKnownFileType = sourcecode.c.h; path = FMDatabasePool.h; sourceTree = "<group>"; };
		62833DA8171E8D5500566B23 /* FMDatabasePool.m */ = {isa = PBXFileReference; fileEncoding = 4; lastKnownFileType = sourcecode.c.objc; path = FMDatabasePool.m; sourceTree = "<group>"; };
		62833DA9171E8D5500566B23 /* FMDatabaseQueue.h */ = {isa = PBXFileReference; fileEncoding = 4; lastKnownFileType = sourcecode.c.h; path = FMDatabaseQueue.h; sourceTree = "<group>"; };
		62833DAA171E8D5500566B23 /* FMDatabaseQueue.m */ = {isa = PBXFileReference; fileEncoding = 4; lastKnownFileType = sourcecode.c.objc; path = FMDatabaseQueue.m; sourceTree = "<group>"; };
		62833DAB171E8D5500566B23 /* FMResultSet.h */ = {isa = PBXFileReference; fileEncoding = 4; lastKnownFileType = sourcecode.c.h; path = FMResultSet.h; sourceTree = "<group>"; };
		62833DAC171E8D5500566B23 /* FMResultSet.m */ = {isa = PBXFileReference; fileEncoding = 4; lastKnownFileType = sourcecode.c.objc; path = FMResultSet.m; sourceTree = "<group>"; };
		62833EE7171E8DDF00566B23 /* PathHelper.h */ = {isa = PBXFileReference; fileEncoding = 4; lastKnownFileType = sourcecode.c.h; path = PathHelper.h; sourceTree = "<group>"; };
		62833EE8171E8DDF00566B23 /* PathHelper.m */ = {isa = PBXFileReference; fileEncoding = 4; lastKnownFileType = sourcecode.c.objc; path = PathHelper.m; sourceTree = "<group>"; };
		62833EFD171FDD0F00566B23 /* libsqlite3.dylib */ = {isa = PBXFileReference; lastKnownFileType = "compiled.mach-o.dylib"; name = libsqlite3.dylib; path = usr/lib/libsqlite3.dylib; sourceTree = SDKROOT; };
		62833EFF171FE39B00566B23 /* ASDepthModalViewController.h */ = {isa = PBXFileReference; fileEncoding = 4; lastKnownFileType = sourcecode.c.h; name = ASDepthModalViewController.h; path = "../../../Downloads/Demos/ASDepthModal 弹出视图/ASDepthModal/ASDepthModalViewController.h"; sourceTree = "<group>"; };
		62833F00171FE39B00566B23 /* ASDepthModalViewController.m */ = {isa = PBXFileReference; fileEncoding = 4; lastKnownFileType = sourcecode.c.objc; name = ASDepthModalViewController.m; path = "../../../Downloads/Demos/ASDepthModal 弹出视图/ASDepthModal/ASDepthModalViewController.m"; sourceTree = "<group>"; };
		62833F03171FE8E800566B23 /* QuartzCore.framework */ = {isa = PBXFileReference; lastKnownFileType = wrapper.framework; name = QuartzCore.framework; path = System/Library/Frameworks/QuartzCore.framework; sourceTree = SDKROOT; };
		62B956741728BD6A00FB88BA /* 背景话筒.png */ = {isa = PBXFileReference; lastKnownFileType = image.png; name = "背景话筒.png"; path = "../背景话筒.png"; sourceTree = "<group>"; };
		62B956761728BEE300FB88BA /* Default@2x.png */ = {isa = PBXFileReference; lastKnownFileType = image.png; path = "Default@2x.png"; sourceTree = "<group>"; };
		62B956781728BEEE00FB88BA /* Default.png */ = {isa = PBXFileReference; lastKnownFileType = image.png; path = Default.png; sourceTree = "<group>"; };
		62B9567C1728F05C00FB88BA /* acconnt_s.png */ = {isa = PBXFileReference; lastKnownFileType = image.png; path = acconnt_s.png; sourceTree = "<group>"; };
		62B9567D1728F05C00FB88BA /* acconnt_s@2x.png */ = {isa = PBXFileReference; lastKnownFileType = image.png; path = "acconnt_s@2x.png"; sourceTree = "<group>"; };
		62B9567E1728F05C00FB88BA /* acconnt.png */ = {isa = PBXFileReference; lastKnownFileType = image.png; path = acconnt.png; sourceTree = "<group>"; };
		62B9567F1728F05C00FB88BA /* acconnt@2x.png */ = {isa = PBXFileReference; lastKnownFileType = image.png; path = "acconnt@2x.png"; sourceTree = "<group>"; };
		62B956841728F0ED00FB88BA /* 侧滑背景.png */ = {isa = PBXFileReference; lastKnownFileType = image.png; path = "侧滑背景.png"; sourceTree = "<group>"; };
		62BB80BC1724D0AA007B641F /* AVFoundation.framework */ = {isa = PBXFileReference; lastKnownFileType = wrapper.framework; name = AVFoundation.framework; path = System/Library/Frameworks/AVFoundation.framework; sourceTree = SDKROOT; };
		62BB80CE1724D43D007B641F /* GTMBase64.h */ = {isa = PBXFileReference; fileEncoding = 4; lastKnownFileType = sourcecode.c.h; path = GTMBase64.h; sourceTree = "<group>"; };
		62BB80CF1724D43D007B641F /* GTMBase64.m */ = {isa = PBXFileReference; fileEncoding = 4; lastKnownFileType = sourcecode.c.objc; path = GTMBase64.m; sourceTree = "<group>"; };
		62BB80D11724D460007B641F /* GTMDefines.h */ = {isa = PBXFileReference; fileEncoding = 4; lastKnownFileType = sourcecode.c.h; path = GTMDefines.h; sourceTree = "<group>"; };
		62BB80D5172501EF007B641F /* VoiceListViewController.h */ = {isa = PBXFileReference; fileEncoding = 4; lastKnownFileType = sourcecode.c.h; path = VoiceListViewController.h; sourceTree = "<group>"; };
		62BB80D6172501EF007B641F /* VoiceListViewController.m */ = {isa = PBXFileReference; fileEncoding = 4; lastKnownFileType = sourcecode.c.objc; path = VoiceListViewController.m; sourceTree = "<group>"; };
		62BB80D7172501EF007B641F /* VoiceListViewController.xib */ = {isa = PBXFileReference; fileEncoding = 4; lastKnownFileType = file.xib; path = VoiceListViewController.xib; sourceTree = "<group>"; };
		62BB80DB17250BF6007B641F /* VoiceModel.h */ = {isa = PBXFileReference; fileEncoding = 4; lastKnownFileType = sourcecode.c.h; path = VoiceModel.h; sourceTree = "<group>"; };
		62BB80DC17250BF6007B641F /* VoiceModel.m */ = {isa = PBXFileReference; fileEncoding = 4; lastKnownFileType = sourcecode.c.objc; path = VoiceModel.m; sourceTree = "<group>"; };
		62BB80DE17251749007B641F /* VoiceCell.xib */ = {isa = PBXFileReference; fileEncoding = 4; lastKnownFileType = file.xib; name = VoiceCell.xib; path = ../VoiceCell.xib; sourceTree = "<group>"; };
		62DBB5521737490F007ACD26 /* 确定按钮.png */ = {isa = PBXFileReference; lastKnownFileType = image.png; name = "确定按钮.png"; path = "fmdb/确定按钮.png"; sourceTree = "<group>"; };
		62E7FB3A1743383300C66545 /* lunch.png */ = {isa = PBXFileReference; lastKnownFileType = image.png; path = lunch.png; sourceTree = "<group>"; };
		62E7FB3C174386FE00C66545 /* SettingViewController.h */ = {isa = PBXFileReference; fileEncoding = 4; lastKnownFileType = sourcecode.c.h; name = SettingViewController.h; path = ../SettingViewController.h; sourceTree = "<group>"; };
		62E7FB3D174386FF00C66545 /* SettingViewController.m */ = {isa = PBXFileReference; fileEncoding = 4; lastKnownFileType = sourcecode.c.objc; name = SettingViewController.m; path = ../SettingViewController.m; sourceTree = "<group>"; };
		62E7FB3E174386FF00C66545 /* SettingViewController.xib */ = {isa = PBXFileReference; fileEncoding = 4; lastKnownFileType = file.xib; name = SettingViewController.xib; path = ../SettingViewController.xib; sourceTree = "<group>"; };
		62E7FB42174389A200C66545 /* SMGlowLabel.h */ = {isa = PBXFileReference; fileEncoding = 4; lastKnownFileType = sourcecode.c.h; path = SMGlowLabel.h; sourceTree = "<group>"; };
		62E7FB43174389A200C66545 /* SMGlowLabel.m */ = {isa = PBXFileReference; fileEncoding = 4; lastKnownFileType = sourcecode.c.objc; path = SMGlowLabel.m; sourceTree = "<group>"; };
/* End PBXFileReference section */

/* Begin PBXFrameworksBuildPhase section */
		62833D79171E83CF00566B23 /* Frameworks */ = {
			isa = PBXFrameworksBuildPhase;
			buildActionMask = 2147483647;
			files = (
				621FAB65174B733600977C17 /* libz.1.2.5.dylib in Frameworks */,
				621FAB63174B608100977C17 /* libicucore.dylib in Frameworks */,
				62833F04171FE8E800566B23 /* QuartzCore.framework in Frameworks */,
				621FAB61174B603300977C17 /* SystemConfiguration.framework in Frameworks */,
				621FAB0D174B327200977C17 /* MessageUI.framework in Frameworks */,
				62BB80BD1724D0AA007B641F /* AVFoundation.framework in Frameworks */,
				62833EFE171FDD0F00566B23 /* libsqlite3.dylib in Frameworks */,
				62833D80171E83CF00566B23 /* UIKit.framework in Frameworks */,
				62833D82171E83CF00566B23 /* Foundation.framework in Frameworks */,
				62833D84171E83CF00566B23 /* CoreGraphics.framework in Frameworks */,
				621FAB3D174B5A5A00977C17 /* DouBanConnection.framework in Frameworks */,
				621FAB3E174B5A5A00977C17 /* FacebookConnection.framework in Frameworks */,
				621FAB3F174B5A5A00977C17 /* InstapaperConnection.framework in Frameworks */,
				621FAB41174B5A5A00977C17 /* KaiXinConnection.framework in Frameworks */,
				621FAB42174B5A5A00977C17 /* MailConnection.framework in Frameworks */,
				621FAB43174B5A5A00977C17 /* PrintConnection.framework in Frameworks */,
				621FAB44174B5A5A00977C17 /* QQConnection.framework in Frameworks */,
				621FAB45174B5A5A00977C17 /* QZoneConnection.framework in Frameworks */,
				621FAB46174B5A5A00977C17 /* RenRenConnection.framework in Frameworks */,
				621FAB47174B5A5A00977C17 /* SinaWeiboConnection.framework in Frameworks */,
				621FAB48174B5A5A00977C17 /* SMSConnection.framework in Frameworks */,
				621FAB49174B5A5A00977C17 /* SohuConnection.framework in Frameworks */,
				621FAB4A174B5A5A00977C17 /* SohuWeiboConnection.framework in Frameworks */,
				621FAB4B174B5A5A00977C17 /* T163WeiboConnection.framework in Frameworks */,
				621FAB4C174B5A5A00977C17 /* TencentWeiboConnection.framework in Frameworks */,
				621FAB4D174B5A5A00977C17 /* TwitterConnection.framework in Frameworks */,
				621FAB4E174B5A5A00977C17 /* WeChatConnection.framework in Frameworks */,
				621FAB4F174B5A5A00977C17 /* YouDaoNoteConnection.framework in Frameworks */,
				621FAB50174B5A5A00977C17 /* AGCommon.framework in Frameworks */,
				621FAB53174B5A5A00977C17 /* ShareSDKCoreService.framework in Frameworks */,
				621FAB54174B5A5A00977C17 /* QQApi.framework in Frameworks */,
				621FAB55174B5A5A00977C17 /* libWeChatSDK_armv7_armv7s.a in Frameworks */,
				621FAB56174B5A5A00977C17 /* ShareSDK.framework in Frameworks */,
				621FAB58174B5A5A00977C17 /* ShareSDKiPadDefaultShareViewUI.framework in Frameworks */,
				621FAB5A174B5A5A00977C17 /* ShareSDKiPadSimpleShareViewUI.framework in Frameworks */,
				621FAB5B174B5A5A00977C17 /* ShareSDKiPhoneAppRecommendShareViewUI.framework in Frameworks */,
				621FAB5D174B5A5A00977C17 /* ShareSDKiPhoneDefaultShareViewUI.framework in Frameworks */,
				621FAB5F174B5A5A00977C17 /* ShareSDKiPhoneSimpleShareViewUI.framework in Frameworks */,
			);
			runOnlyForDeploymentPostprocessing = 0;
		};
/* End PBXFrameworksBuildPhase section */

/* Begin PBXGroup section */
		621FAB11174B5A5A00977C17 /* ShareSDK_v2.1.1 */ = {
			isa = PBXGroup;
			children = (
				621FAB12174B5A5A00977C17 /* Connection */,
				621FAB26174B5A5A00977C17 /* Core */,
				621FAB2C174B5A5A00977C17 /* Extend */,
				621FAB33174B5A5A00977C17 /* UI */,
			);
			path = ShareSDK_v2.1.1;
			sourceTree = "<group>";
		};
		621FAB12174B5A5A00977C17 /* Connection */ = {
			isa = PBXGroup;
			children = (
				621FAB13174B5A5A00977C17 /* DouBanConnection.framework */,
				621FAB14174B5A5A00977C17 /* FacebookConnection.framework */,
				621FAB15174B5A5A00977C17 /* InstapaperConnection.framework */,
				621FAB16174B5A5A00977C17 /* InstapaperResource.bundle */,
				621FAB17174B5A5A00977C17 /* KaiXinConnection.framework */,
				621FAB18174B5A5A00977C17 /* MailConnection.framework */,
				621FAB19174B5A5A00977C17 /* PrintConnection.framework */,
				621FAB1A174B5A5A00977C17 /* QQConnection.framework */,
				621FAB1B174B5A5A00977C17 /* QZoneConnection.framework */,
				621FAB1C174B5A5A00977C17 /* RenRenConnection.framework */,
				621FAB1D174B5A5A00977C17 /* SinaWeiboConnection.framework */,
				621FAB1E174B5A5A00977C17 /* SMSConnection.framework */,
				621FAB1F174B5A5A00977C17 /* SohuConnection.framework */,
				621FAB20174B5A5A00977C17 /* SohuWeiboConnection.framework */,
				621FAB21174B5A5A00977C17 /* T163WeiboConnection.framework */,
				621FAB22174B5A5A00977C17 /* TencentWeiboConnection.framework */,
				621FAB23174B5A5A00977C17 /* TwitterConnection.framework */,
				621FAB24174B5A5A00977C17 /* WeChatConnection.framework */,
				621FAB25174B5A5A00977C17 /* YouDaoNoteConnection.framework */,
			);
			path = Connection;
			sourceTree = "<group>";
		};
		621FAB26174B5A5A00977C17 /* Core */ = {
			isa = PBXGroup;
			children = (
				621FAB27174B5A5A00977C17 /* AGCommon.framework */,
				621FAB28174B5A5A00977C17 /* ShareSDKLocalizable.strings */,
				621FAB2A174B5A5A00977C17 /* Resource.bundle */,
				621FAB2B174B5A5A00977C17 /* ShareSDKCoreService.framework */,
			);
			path = Core;
			sourceTree = "<group>";
		};
		621FAB2C174B5A5A00977C17 /* Extend */ = {
			isa = PBXGroup;
			children = (
				621FAB2D174B5A5A00977C17 /* QQApi.framework */,
				621FAB2E174B5A5A00977C17 /* SDKExport */,
			);
			path = Extend;
			sourceTree = "<group>";
		};
		621FAB2E174B5A5A00977C17 /* SDKExport */ = {
			isa = PBXGroup;
			children = (
				621FAB2F174B5A5A00977C17 /* libWeChatSDK_armv7_armv7s.a */,
				621FAB30174B5A5A00977C17 /* WXApi.h */,
				621FAB31174B5A5A00977C17 /* WXApiObject.h */,
			);
			path = SDKExport;
			sourceTree = "<group>";
		};
		621FAB33174B5A5A00977C17 /* UI */ = {
			isa = PBXGroup;
			children = (
				621FAB32174B5A5A00977C17 /* ShareSDK.framework */,
				621FAB34174B5A5A00977C17 /* ShareSDKiPadDefaultShareViewUI.bundle */,
				621FAB35174B5A5A00977C17 /* ShareSDKiPadDefaultShareViewUI.framework */,
				621FAB36174B5A5A00977C17 /* ShareSDKiPadSimpleShareViewUI.bundle */,
				621FAB37174B5A5A00977C17 /* ShareSDKiPadSimpleShareViewUI.framework */,
				621FAB38174B5A5A00977C17 /* ShareSDKiPhoneAppRecommendShareViewUI.framework */,
				621FAB39174B5A5A00977C17 /* ShareSDKiPhoneDefaultShareViewUI.bundle */,
				621FAB3A174B5A5A00977C17 /* ShareSDKiPhoneDefaultShareViewUI.framework */,
				621FAB3B174B5A5A00977C17 /* ShareSDKiPhoneSimpleShareViewUI.bundle */,
				621FAB3C174B5A5A00977C17 /* ShareSDKiPhoneSimpleShareViewUI.framework */,
			);
			path = UI;
			sourceTree = "<group>";
		};
		627872EA172B73310069A5F9 /* model */ = {
			isa = PBXGroup;
			children = (
				62BB80DB17250BF6007B641F /* VoiceModel.h */,
				62BB80DC17250BF6007B641F /* VoiceModel.m */,
			);
			name = model;
			sourceTree = "<group>";
		};
		62833D73171E83CF00566B23 = {
			isa = PBXGroup;
			children = (
				621FAB11174B5A5A00977C17 /* ShareSDK_v2.1.1 */,
				62B9567A1728EFC300FB88BA /* Resource */,
				62833EEA171E8E6300566B23 /* TOOLS */,
				62833D85171E83CF00566B23 /* iVoiceReminder */,
				62833D7E171E83CF00566B23 /* Frameworks */,
				62833D7D171E83CF00566B23 /* Products */,
			);
			sourceTree = "<group>";
		};
		62833D7D171E83CF00566B23 /* Products */ = {
			isa = PBXGroup;
			children = (
				62833D7C171E83CF00566B23 /* iVoiceReminder.app */,
			);
			name = Products;
			sourceTree = "<group>";
		};
		62833D7E171E83CF00566B23 /* Frameworks */ = {
			isa = PBXGroup;
			children = (
				621FAB64174B733500977C17 /* libz.1.2.5.dylib */,
				62833EFD171FDD0F00566B23 /* libsqlite3.dylib */,
				621FAB62174B608100977C17 /* libicucore.dylib */,
				621FAB0C174B327200977C17 /* MessageUI.framework */,
				621FAB60174B603300977C17 /* SystemConfiguration.framework */,
				62BB80BC1724D0AA007B641F /* AVFoundation.framework */,
				62833F03171FE8E800566B23 /* QuartzCore.framework */,
				62833D7F171E83CF00566B23 /* UIKit.framework */,
				62833D81171E83CF00566B23 /* Foundation.framework */,
				62833D83171E83CF00566B23 /* CoreGraphics.framework */,
			);
			name = Frameworks;
			sourceTree = "<group>";
		};
		62833D85171E83CF00566B23 /* iVoiceReminder */ = {
			isa = PBXGroup;
			children = (
				62E7FB411743870C00C66545 /* ViewControllers */,
				627872EA172B73310069A5F9 /* model */,
				62833D8E171E83CF00566B23 /* AppDelegate.h */,
				62833D8F171E83CF00566B23 /* AppDelegate.m */,
				62BB80E017251754007B641F /* xib */,
				62833D86171E83CF00566B23 /* Supporting Files */,
			);
			path = iVoiceReminder;
			sourceTree = "<group>";
		};
		62833D86171E83CF00566B23 /* Supporting Files */ = {
			isa = PBXGroup;
			children = (
				62B956781728BEEE00FB88BA /* Default.png */,
				62B956761728BEE300FB88BA /* Default@2x.png */,
				6278731D172BB2990069A5F9 /* 话筒.png */,
				62B956741728BD6A00FB88BA /* 背景话筒.png */,
				6278730F172B9A8D0069A5F9 /* 主背景.png */,
				62833D95171E83CF00566B23 /* Default-568h@2x.png */,
				621FC7B017279A440054C9C2 /* PublicDef.h */,
				62833D87171E83CF00566B23 /* iVoiceReminder-Info.plist */,
				62833D88171E83CF00566B23 /* InfoPlist.strings */,
				62833D8B171E83CF00566B23 /* main.m */,
				62833D8D171E83CF00566B23 /* iVoiceReminder-Prefix.pch */,
			);
			name = "Supporting Files";
			sourceTree = "<group>";
		};
		62833DA2171E8D5500566B23 /* FMDB */ = {
			isa = PBXGroup;
			children = (
				62833DA3171E8D5500566B23 /* FMDatabase.h */,
				62833DA4171E8D5500566B23 /* FMDatabase.m */,
				62833DA5171E8D5500566B23 /* FMDatabaseAdditions.h */,
				62833DA6171E8D5500566B23 /* FMDatabaseAdditions.m */,
				62833DA7171E8D5500566B23 /* FMDatabasePool.h */,
				62833DA8171E8D5500566B23 /* FMDatabasePool.m */,
				62833DA9171E8D5500566B23 /* FMDatabaseQueue.h */,
				62833DAA171E8D5500566B23 /* FMDatabaseQueue.m */,
				62833DAB171E8D5500566B23 /* FMResultSet.h */,
				62833DAC171E8D5500566B23 /* FMResultSet.m */,
			);
			name = FMDB;
			path = fmdb;
			sourceTree = "<group>";
		};
		62833EEA171E8E6300566B23 /* TOOLS */ = {
			isa = PBXGroup;
			children = (
				62E7FB45174389A900C66545 /* LEDLabel */,
				62BB80DA172509E9007B641F /* GTMBase64 */,
				62833F02171FE39F00566B23 /* POPVIEW */,
				62833DA2171E8D5500566B23 /* FMDB */,
				62833EEB171E8E9400566B23 /* PathHelper */,
			);
			name = TOOLS;
			sourceTree = "<group>";
		};
		62833EEB171E8E9400566B23 /* PathHelper */ = {
			isa = PBXGroup;
			children = (
				62833EE7171E8DDF00566B23 /* PathHelper.h */,
				62833EE8171E8DDF00566B23 /* PathHelper.m */,
			);
			name = PathHelper;
			sourceTree = "<group>";
		};
		62833F02171FE39F00566B23 /* POPVIEW */ = {
			isa = PBXGroup;
			children = (
				62833EFF171FE39B00566B23 /* ASDepthModalViewController.h */,
				62833F00171FE39B00566B23 /* ASDepthModalViewController.m */,
			);
			name = POPVIEW;
			sourceTree = "<group>";
		};
		62833F07171FF5A700566B23 /* icon */ = {
			isa = PBXGroup;
			children = (
				621FC7B11727E6B20054C9C2 /* iPhone_Glossy_Icon_icon.png */,
				621FC7B21727E6B20054C9C2 /* iPhoneRetina_Glossy_Icon_icon.png */,
				621FC7B31727E6B20054C9C2 /* iTunesArtwork_Glossy_Icon_icon.png */,
			);
			name = icon;
			sourceTree = "<group>";
		};
		62B9567A1728EFC300FB88BA /* Resource */ = {
			isa = PBXGroup;
			children = (
				62DBB5551738949D007ACD26 /* picture */,
				62DBB55417389483007ACD26 /* 铃声 */,
				62833F07171FF5A700566B23 /* icon */,
			);
			name = Resource;
			sourceTree = "<group>";
		};
		62BB80DA172509E9007B641F /* GTMBase64 */ = {
			isa = PBXGroup;
			children = (
				62BB80D11724D460007B641F /* GTMDefines.h */,
				62BB80CE1724D43D007B641F /* GTMBase64.h */,
				62BB80CF1724D43D007B641F /* GTMBase64.m */,
			);
			name = GTMBase64;
			sourceTree = "<group>";
		};
		62BB80E017251754007B641F /* xib */ = {
			isa = PBXGroup;
			children = (
				62BB80DE17251749007B641F /* VoiceCell.xib */,
			);
			name = xib;
			sourceTree = "<group>";
		};
		62DBB55417389483007ACD26 /* 铃声 */ = {
			isa = PBXGroup;
			children = (
				6278731F172CDF4B0069A5F9 /* 皮卡丘的短信铃声_铃声之家cnwav.mp3 */,
			);
			name = "铃声";
			sourceTree = "<group>";
		};
		62DBB5551738949D007ACD26 /* picture */ = {
			isa = PBXGroup;
			children = (
				621FAB08174B23EC00977C17 /* 意见反馈.png */,
				621FAB09174B23EC00977C17 /* 意见反馈@2x.png */,
				627872E61728F4460069A5F9 /* grey_wash_wall_@2X.png */,
				627872E71728F4460069A5F9 /* grey_wash_wall.png */,
				62787309172B819B0069A5F9 /* 时钟.png */,
				627872FD172B768E0069A5F9 /* 返回.png */,
				627872FF172B79900069A5F9 /* 进入.png */,
				62787305172B7E850069A5F9 /* 设置头像背景.png */,
				627872F3172B74CA0069A5F9 /* 音频.png */,
				627872F5172B74F20069A5F9 /* 切换到键盘-s.png */,
				627872F6172B74F20069A5F9 /* 切换到键盘.png */,
				627872F7172B74F20069A5F9 /* 切换到语音-s.png */,
				627872F8172B74F20069A5F9 /* 切换到语音.png */,
				627872E21728F4280069A5F9 /* elastoplast_@2X.png */,
				627872E31728F4280069A5F9 /* elastoplast.png */,
				62B956841728F0ED00FB88BA /* 侧滑背景.png */,
				6278730D172B93160069A5F9 /* 设置副本.png */,
				62787303172B7D010069A5F9 /* 搜索下拉1.png */,
				62B9567C1728F05C00FB88BA /* acconnt_s.png */,
				62B9567D1728F05C00FB88BA /* acconnt_s@2x.png */,
				62B9567E1728F05C00FB88BA /* acconnt.png */,
				62B9567F1728F05C00FB88BA /* acconnt@2x.png */,
				627872F1172B74820069A5F9 /* 删除.png */,
				62787301172B7A140069A5F9 /* 列表.png */,
				62E7FB3A1743383300C66545 /* lunch.png */,
				627872ED172B74680069A5F9 /* button.png */,
				627872EB172B740F0069A5F9 /* 编辑.png */,
				6278730B172B84290069A5F9 /* 设置.png */,
				62DBB5521737490F007ACD26 /* 确定按钮.png */,
			);
			name = picture;
			sourceTree = "<group>";
		};
		62E7FB411743870C00C66545 /* ViewControllers */ = {
			isa = PBXGroup;
			children = (
				62833D97171E83CF00566B23 /* iVoiceController.h */,
				62833D98171E83CF00566B23 /* iVoiceController.m */,
				62833D9A171E83CF00566B23 /* iVoiceController.xib */,
				62BB80D5172501EF007B641F /* VoiceListViewController.h */,
				62BB80D6172501EF007B641F /* VoiceListViewController.m */,
				62BB80D7172501EF007B641F /* VoiceListViewController.xib */,
				62E7FB3C174386FE00C66545 /* SettingViewController.h */,
				62E7FB3D174386FF00C66545 /* SettingViewController.m */,
				62E7FB3E174386FF00C66545 /* SettingViewController.xib */,
				621FAB0F174B586700977C17 /* weibo.png */,
			);
			name = ViewControllers;
			sourceTree = "<group>";
		};
		62E7FB45174389A900C66545 /* LEDLabel */ = {
			isa = PBXGroup;
			children = (
				62E7FB42174389A200C66545 /* SMGlowLabel.h */,
				62E7FB43174389A200C66545 /* SMGlowLabel.m */,
			);
			name = LEDLabel;
			sourceTree = "<group>";
		};
/* End PBXGroup section */

/* Begin PBXNativeTarget section */
		62833D7B171E83CF00566B23 /* iVoiceReminder */ = {
			isa = PBXNativeTarget;
			buildConfigurationList = 62833D9F171E83CF00566B23 /* Build configuration list for PBXNativeTarget "iVoiceReminder" */;
			buildPhases = (
				62833D78171E83CF00566B23 /* Sources */,
				62833D79171E83CF00566B23 /* Frameworks */,
				62833D7A171E83CF00566B23 /* Resources */,
			);
			buildRules = (
			);
			dependencies = (
			);
			name = iVoiceReminder;
			productName = iVoiceReminder;
			productReference = 62833D7C171E83CF00566B23 /* iVoiceReminder.app */;
			productType = "com.apple.product-type.application";
		};
/* End PBXNativeTarget section */

/* Begin PBXProject section */
		62833D74171E83CF00566B23 /* Project object */ = {
			isa = PBXProject;
			attributes = {
				LastUpgradeCheck = 0460;
				ORGANIZATIONNAME = iStig;
			};
			buildConfigurationList = 62833D77171E83CF00566B23 /* Build configuration list for PBXProject "iVoiceReminder" */;
			compatibilityVersion = "Xcode 3.2";
			developmentRegion = English;
			hasScannedForEncodings = 0;
			knownRegions = (
				en,
			);
			mainGroup = 62833D73171E83CF00566B23;
			productRefGroup = 62833D7D171E83CF00566B23 /* Products */;
			projectDirPath = "";
			projectRoot = "";
			targets = (
				62833D7B171E83CF00566B23 /* iVoiceReminder */,
			);
		};
/* End PBXProject section */

/* Begin PBXResourcesBuildPhase section */
		62833D7A171E83CF00566B23 /* Resources */ = {
			isa = PBXResourcesBuildPhase;
			buildActionMask = 2147483647;
			files = (
				62833D8A171E83CF00566B23 /* InfoPlist.strings in Resources */,
				62833D96171E83CF00566B23 /* Default-568h@2x.png in Resources */,
				62833D9C171E83CF00566B23 /* iVoiceController.xib in Resources */,
				62BB80D9172501EF007B641F /* VoiceListViewController.xib in Resources */,
				62BB80DF17251749007B641F /* VoiceCell.xib in Resources */,
				621FC7B41727E6B20054C9C2 /* iPhone_Glossy_Icon_icon.png in Resources */,
				621FC7B51727E6B20054C9C2 /* iPhoneRetina_Glossy_Icon_icon.png in Resources */,
				621FC7B61727E6B20054C9C2 /* iTunesArtwork_Glossy_Icon_icon.png in Resources */,
				62B956751728BD6A00FB88BA /* 背景话筒.png in Resources */,
				62B956771728BEE300FB88BA /* Default@2x.png in Resources */,
				62B956791728BEEE00FB88BA /* Default.png in Resources */,
				62B956801728F05C00FB88BA /* acconnt_s.png in Resources */,
				62B956811728F05C00FB88BA /* acconnt_s@2x.png in Resources */,
				62B956821728F05C00FB88BA /* acconnt.png in Resources */,
				62B956831728F05C00FB88BA /* acconnt@2x.png in Resources */,
				62B956851728F0ED00FB88BA /* 侧滑背景.png in Resources */,
				627872E41728F4280069A5F9 /* elastoplast_@2X.png in Resources */,
				627872E51728F4280069A5F9 /* elastoplast.png in Resources */,
				627872E81728F4460069A5F9 /* grey_wash_wall_@2X.png in Resources */,
				627872E91728F4460069A5F9 /* grey_wash_wall.png in Resources */,
				627872EC172B740F0069A5F9 /* 编辑.png in Resources */,
				627872EE172B74680069A5F9 /* button.png in Resources */,
				627872F2172B74820069A5F9 /* 删除.png in Resources */,
				627872F4172B74CA0069A5F9 /* 音频.png in Resources */,
				627872F9172B74F20069A5F9 /* 切换到键盘-s.png in Resources */,
				627872FA172B74F20069A5F9 /* 切换到键盘.png in Resources */,
				627872FB172B74F20069A5F9 /* 切换到语音-s.png in Resources */,
				627872FC172B74F20069A5F9 /* 切换到语音.png in Resources */,
				627872FE172B768E0069A5F9 /* 返回.png in Resources */,
				62787300172B79900069A5F9 /* 进入.png in Resources */,
				62787302172B7A140069A5F9 /* 列表.png in Resources */,
				62787304172B7D010069A5F9 /* 搜索下拉1.png in Resources */,
				62787306172B7E860069A5F9 /* 设置头像背景.png in Resources */,
				6278730A172B819C0069A5F9 /* 时钟.png in Resources */,
				6278730C172B84290069A5F9 /* 设置.png in Resources */,
				6278730E172B93170069A5F9 /* 设置副本.png in Resources */,
				62787310172B9A8D0069A5F9 /* 主背景.png in Resources */,
				6278731E172BB2990069A5F9 /* 话筒.png in Resources */,
				62787320172CDF4B0069A5F9 /* 皮卡丘的短信铃声_铃声之家cnwav.mp3 in Resources */,
				62DBB5531737490F007ACD26 /* 确定按钮.png in Resources */,
				62E7FB3B1743383300C66545 /* lunch.png in Resources */,
				62E7FB401743870000C66545 /* SettingViewController.xib in Resources */,
				621FAB0A174B23EC00977C17 /* 意见反馈.png in Resources */,
				621FAB0B174B23EC00977C17 /* 意见反馈@2x.png in Resources */,
				621FAB10174B586700977C17 /* weibo.png in Resources */,
				621FAB40174B5A5A00977C17 /* InstapaperResource.bundle in Resources */,
				621FAB51174B5A5A00977C17 /* ShareSDKLocalizable.strings in Resources */,
				621FAB52174B5A5A00977C17 /* Resource.bundle in Resources */,
				621FAB57174B5A5A00977C17 /* ShareSDKiPadDefaultShareViewUI.bundle in Resources */,
				621FAB59174B5A5A00977C17 /* ShareSDKiPadSimpleShareViewUI.bundle in Resources */,
				621FAB5C174B5A5A00977C17 /* ShareSDKiPhoneDefaultShareViewUI.bundle in Resources */,
				621FAB5E174B5A5A00977C17 /* ShareSDKiPhoneSimpleShareViewUI.bundle in Resources */,
			);
			runOnlyForDeploymentPostprocessing = 0;
		};
/* End PBXResourcesBuildPhase section */

/* Begin PBXSourcesBuildPhase section */
		62833D78171E83CF00566B23 /* Sources */ = {
			isa = PBXSourcesBuildPhase;
			buildActionMask = 2147483647;
			files = (
				62833D8C171E83CF00566B23 /* main.m in Sources */,
				62833D90171E83CF00566B23 /* AppDelegate.m in Sources */,
				62833D99171E83CF00566B23 /* iVoiceController.m in Sources */,
				62833DAD171E8D5500566B23 /* FMDatabase.m in Sources */,
				62833DAE171E8D5500566B23 /* FMDatabaseAdditions.m in Sources */,
				62833DAF171E8D5500566B23 /* FMDatabasePool.m in Sources */,
				62833DB0171E8D5500566B23 /* FMDatabaseQueue.m in Sources */,
				62833DB1171E8D5500566B23 /* FMResultSet.m in Sources */,
				62833EE9171E8DDF00566B23 /* PathHelper.m in Sources */,
				62833F01171FE39B00566B23 /* ASDepthModalViewController.m in Sources */,
				62BB80D01724D43D007B641F /* GTMBase64.m in Sources */,
				62BB80D8172501EF007B641F /* VoiceListViewController.m in Sources */,
				62BB80DD17250BF6007B641F /* VoiceModel.m in Sources */,
				62E7FB3F1743870000C66545 /* SettingViewController.m in Sources */,
				62E7FB44174389A200C66545 /* SMGlowLabel.m in Sources */,
			);
			runOnlyForDeploymentPostprocessing = 0;
		};
/* End PBXSourcesBuildPhase section */

/* Begin PBXVariantGroup section */
		621FAB28174B5A5A00977C17 /* ShareSDKLocalizable.strings */ = {
			isa = PBXVariantGroup;
			children = (
				621FAB29174B5A5A00977C17 /* en */,
			);
			name = ShareSDKLocalizable.strings;
			sourceTree = "<group>";
		};
		62833D88171E83CF00566B23 /* InfoPlist.strings */ = {
			isa = PBXVariantGroup;
			children = (
				62833D89171E83CF00566B23 /* en */,
			);
			name = InfoPlist.strings;
			sourceTree = "<group>";
		};
		62833D9A171E83CF00566B23 /* iVoiceController.xib */ = {
			isa = PBXVariantGroup;
			children = (
				62833D9B171E83CF00566B23 /* en */,
			);
			name = iVoiceController.xib;
			sourceTree = "<group>";
		};
/* End PBXVariantGroup section */

/* Begin XCBuildConfiguration section */
		62833D9D171E83CF00566B23 /* Debug */ = {
			isa = XCBuildConfiguration;
			buildSettings = {
				ALWAYS_SEARCH_USER_PATHS = NO;
				CLANG_CXX_LANGUAGE_STANDARD = "gnu++0x";
				CLANG_CXX_LIBRARY = "libc++";
				CLANG_WARN_CONSTANT_CONVERSION = YES;
				CLANG_WARN_EMPTY_BODY = YES;
				CLANG_WARN_ENUM_CONVERSION = YES;
				CLANG_WARN_INT_CONVERSION = YES;
				CLANG_WARN__DUPLICATE_METHOD_MATCH = YES;
				CODE_SIGN_IDENTITY = "iPhone Developer: Jianming Zhang (N9AC739BRU)";
				"CODE_SIGN_IDENTITY[sdk=iphoneos*]" = "iPhone Developer";
				COPY_PHASE_STRIP = NO;
				GCC_C_LANGUAGE_STANDARD = gnu99;
				GCC_DYNAMIC_NO_PIC = NO;
				GCC_OPTIMIZATION_LEVEL = 0;
				GCC_PREPROCESSOR_DEFINITIONS = (
					"DEBUG=1",
					"$(inherited)",
				);
				GCC_SYMBOLS_PRIVATE_EXTERN = NO;
				GCC_WARN_ABOUT_RETURN_TYPE = YES;
				GCC_WARN_UNINITIALIZED_AUTOS = YES;
				GCC_WARN_UNUSED_VARIABLE = YES;
				IPHONEOS_DEPLOYMENT_TARGET = 6.1;
				ONLY_ACTIVE_ARCH = YES;
				PROVISIONING_PROFILE = "70AA2DE1-B7FC-4C42-B80F-8C07EBDC69BC";
				SDKROOT = iphoneos;
			};
			name = Debug;
		};
		62833D9E171E83CF00566B23 /* Release */ = {
			isa = XCBuildConfiguration;
			buildSettings = {
				ALWAYS_SEARCH_USER_PATHS = NO;
				CLANG_CXX_LANGUAGE_STANDARD = "gnu++0x";
				CLANG_CXX_LIBRARY = "libc++";
				CLANG_WARN_CONSTANT_CONVERSION = YES;
				CLANG_WARN_EMPTY_BODY = YES;
				CLANG_WARN_ENUM_CONVERSION = YES;
				CLANG_WARN_INT_CONVERSION = YES;
				CLANG_WARN__DUPLICATE_METHOD_MATCH = YES;
				CODE_SIGN_IDENTITY = "iPhone Developer: Jianming Zhang (N9AC739BRU)";
				"CODE_SIGN_IDENTITY[sdk=iphoneos*]" = "iPhone Developer";
				COPY_PHASE_STRIP = YES;
				GCC_C_LANGUAGE_STANDARD = gnu99;
				GCC_WARN_ABOUT_RETURN_TYPE = YES;
				GCC_WARN_UNINITIALIZED_AUTOS = YES;
				GCC_WARN_UNUSED_VARIABLE = YES;
				IPHONEOS_DEPLOYMENT_TARGET = 6.1;
				OTHER_CFLAGS = "-DNS_BLOCK_ASSERTIONS=1";
				PROVISIONING_PROFILE = "70AA2DE1-B7FC-4C42-B80F-8C07EBDC69BC";
				SDKROOT = iphoneos;
				VALIDATE_PRODUCT = YES;
			};
			name = Release;
		};
		62833DA0171E83CF00566B23 /* Debug */ = {
			isa = XCBuildConfiguration;
			buildSettings = {
				CODE_SIGN_IDENTITY = "iPhone Developer: Jianming Zhang (N9AC739BRU)";
				"CODE_SIGN_IDENTITY[sdk=iphoneos*]" = "iPhone Developer";
				FRAMEWORK_SEARCH_PATHS = (
					"$(inherited)",
					"\"$(SRCROOT)/ShareSDK_v2.1.1/Connection\"",
					"\"$(SRCROOT)/ShareSDK_v2.1.1/Core\"",
					"\"$(SRCROOT)/ShareSDK_v2.1.1/Extend\"",
					"\"$(SRCROOT)/ShareSDK_v2.1.1\"",
					"\"$(SRCROOT)/ShareSDK_v2.1.1/UI\"",
				);
				GCC_PRECOMPILE_PREFIX_HEADER = YES;
				GCC_PREFIX_HEADER = "iVoiceReminder/iVoiceReminder-Prefix.pch";
				INFOPLIST_FILE = "iVoiceReminder/iVoiceReminder-Info.plist";
				IPHONEOS_DEPLOYMENT_TARGET = 4.3;
				LIBRARY_SEARCH_PATHS = (
					"$(inherited)",
					"\"$(SRCROOT)/ShareSDK_v2.1.1/Extend/SDKExport\"",
				);
				PRODUCT_NAME = "$(TARGET_NAME)";
				PROVISIONING_PROFILE = "70AA2DE1-B7FC-4C42-B80F-8C07EBDC69BC";
				WRAPPER_EXTENSION = app;
			};
			name = Debug;
		};
		62833DA1171E83CF00566B23 /* Release */ = {
			isa = XCBuildConfiguration;
			buildSettings = {
				CODE_SIGN_IDENTITY = "iPhone Developer: Jianming Zhang (N9AC739BRU)";
				FRAMEWORK_SEARCH_PATHS = (
					"$(inherited)",
					"\"$(SRCROOT)/ShareSDK_v2.1.1/Connection\"",
					"\"$(SRCROOT)/ShareSDK_v2.1.1/Core\"",
					"\"$(SRCROOT)/ShareSDK_v2.1.1/Extend\"",
					"\"$(SRCROOT)/ShareSDK_v2.1.1\"",
					"\"$(SRCROOT)/ShareSDK_v2.1.1/UI\"",
				);
				GCC_PRECOMPILE_PREFIX_HEADER = YES;
				GCC_PREFIX_HEADER = "iVoiceReminder/iVoiceReminder-Prefix.pch";
				INFOPLIST_FILE = "iVoiceReminder/iVoiceReminder-Info.plist";
				IPHONEOS_DEPLOYMENT_TARGET = 4.3;
				LIBRARY_SEARCH_PATHS = (
					"$(inherited)",
					"\"$(SRCROOT)/ShareSDK_v2.1.1/Extend/SDKExport\"",
				);
				PRODUCT_NAME = "$(TARGET_NAME)";
				PROVISIONING_PROFILE = "70AA2DE1-B7FC-4C42-B80F-8C07EBDC69BC";
				WRAPPER_EXTENSION = app;
			};
			name = Release;
		};
/* End XCBuildConfiguration section */

/* Begin XCConfigurationList section */
		62833D77171E83CF00566B23 /* Build configuration list for PBXProject "iVoiceReminder" */ = {
			isa = XCConfigurationList;
			buildConfigurations = (
				62833D9D171E83CF00566B23 /* Debug */,
				62833D9E171E83CF00566B23 /* Release */,
			);
			defaultConfigurationIsVisible = 0;
			defaultConfigurationName = Release;
		};
		62833D9F171E83CF00566B23 /* Build configuration list for PBXNativeTarget "iVoiceReminder" */ = {
			isa = XCConfigurationList;
			buildConfigurations = (
				62833DA0171E83CF00566B23 /* Debug */,
				62833DA1171E83CF00566B23 /* Release */,
			);
			defaultConfigurationIsVisible = 0;
			defaultConfigurationName = Release;
		};
/* End XCConfigurationList section */
	};
	rootObject = 62833D74171E83CF00566B23 /* Project object */;
}
